
Microsoft Visual Studio Solution File, Format Version 12.00
# Visual Studio Version 17
VisualStudioVersion = 17.8.34330.188
MinimumVisualStudioVersion = 10.0.40219.1
Project("{9A19103F-16F7-4668-BE54-9A1E7A4F7556}") = "DeToiServer", "DeToiServer\DeToiServer.csproj", "{C56097EF-512C-40F8-9C0C-60AD56701360}"
	ProjectSection(ProjectDependencies) = postProject
		{017D10D4-6329-457D-AA5D-8B1E2F1DB91B} = {017D10D4-6329-457D-AA5D-8B1E2F1DB91B}
		{D2A31301-EE81-4450-A7CC-A5F57A08A749} = {D2A31301-EE81-4450-A7CC-A5F57A08A749}
	EndProjectSection
EndProject
Project("{9A19103F-16F7-4668-BE54-9A1E7A4F7556}") = "DeToiServerData", "DeToiServerData\DeToiServerData.csproj", "{017D10D4-6329-457D-AA5D-8B1E2F1DB91B}"
	ProjectSection(ProjectDependencies) = postProject
		{D2A31301-EE81-4450-A7CC-A5F57A08A749} = {D2A31301-EE81-4450-A7CC-A5F57A08A749}
	EndProjectSection
EndProject
Project("{9A19103F-16F7-4668-BE54-9A1E7A4F7556}") = "DeToiServerCore", "DeToiServerCore\DeToiServerCore.csproj", "{D2A31301-EE81-4450-A7CC-A5F57A08A749}"
EndProject
Project("{2150E333-8FDC-42A3-9474-1A3956D46DE8}") = "Solution Items", "Solution Items", "{6855D48D-0EC0-4A2B-8DC9-82F982AD279C}"
	ProjectSection(SolutionItems) = preProject
		.gitignore = .gitignore
		database_scalfold.txt = database_scalfold.txt
	EndProjectSection
EndProject
Project("{E53339B2-1760-4266-BCC7-CA923CBCF16C}") = "docker-compose", "docker-compose.dcproj", "{C5EC0C7D-DC86-4F98-8750-C9FA07A70D16}"
EndProject
Global
	GlobalSection(SolutionConfigurationPlatforms) = preSolution
		Debug|Any CPU = Debug|Any CPU
		Release|Any CPU = Release|Any CPU
	EndGlobalSection
	GlobalSection(ProjectConfigurationPlatforms) = postSolution
		{C56097EF-512C-40F8-9C0C-60AD56701360}.Debug|Any CPU.ActiveCfg = Debug|Any CPU
		{C56097EF-512C-40F8-9C0C-60AD56701360}.Debug|Any CPU.Build.0 = Debug|Any CPU
		{C56097EF-512C-40F8-9C0C-60AD56701360}.Release|Any CPU.ActiveCfg = Release|Any CPU
		{C56097EF-512C-40F8-9C0C-60AD56701360}.Release|Any CPU.Build.0 = Release|Any CPU
		{017D10D4-6329-457D-AA5D-8B1E2F1DB91B}.Debug|Any CPU.ActiveCfg = Debug|Any CPU
		{017D10D4-6329-457D-AA5D-8B1E2F1DB91B}.Debug|Any CPU.Build.0 = Debug|Any CPU
		{017D10D4-6329-457D-AA5D-8B1E2F1DB91B}.Release|Any CPU.ActiveCfg = Release|Any CPU
		{017D10D4-6329-457D-AA5D-8B1E2F1DB91B}.Release|Any CPU.Build.0 = Release|Any CPU
		{D2A31301-EE81-4450-A7CC-A5F57A08A749}.Debug|Any CPU.ActiveCfg = Debug|Any CPU
		{D2A31301-EE81-4450-A7CC-A5F57A08A749}.Debug|Any CPU.Build.0 = Debug|Any CPU
		{D2A31301-EE81-4450-A7CC-A5F57A08A749}.Release|Any CPU.ActiveCfg = Release|Any CPU
		{D2A31301-EE81-4450-A7CC-A5F57A08A749}.Release|Any CPU.Build.0 = Release|Any CPU
		{C5EC0C7D-DC86-4F98-8750-C9FA07A70D16}.Debug|Any CPU.ActiveCfg = Debug|Any CPU
		{C5EC0C7D-DC86-4F98-8750-C9FA07A70D16}.Debug|Any CPU.Build.0 = Debug|Any CPU
		{C5EC0C7D-DC86-4F98-8750-C9FA07A70D16}.Release|Any CPU.ActiveCfg = Release|Any CPU
		{C5EC0C7D-DC86-4F98-8750-C9FA07A70D16}.Release|Any CPU.Build.0 = Release|Any CPU
	EndGlobalSection
	GlobalSection(SolutionProperties) = preSolution
		HideSolutionNode = FALSE
	EndGlobalSection
	GlobalSection(ExtensibilityGlobals) = postSolution
		SolutionGuid = {85B9EF2D-B20F-4E0A-9911-0E6474FBC85D}
	EndGlobalSection
EndGlobal
